<?xml version="1.0" encoding="utf-8"?>
<Project ToolsVersion="4.0" xmlns="http://schemas.microsoft.com/developer/msbuild/2003">
  <ItemGroup>
    <ClCompile Include="Abigail.cpp" />
    <ClCompile Include="Alex.cpp" />
    <ClCompile Include="BackTerrain.cpp" />
    <ClCompile Include="Camera.cpp" />
    <ClCompile Include="Caroline.cpp" />
    <ClCompile Include="Client.cpp" />
    <ClCompile Include="CollisionMgr.cpp" />
    <ClCompile Include="Demetrius.cpp" />
    <ClCompile Include="DongKuTestScene.cpp" />
    <ClCompile Include="Elliott.cpp" />
    <ClCompile Include="Emily.cpp" />
    <ClCompile Include="Equipment.cpp" />
    <ClCompile Include="Evelyn.cpp" />
    <ClCompile Include="FontMgr.cpp" />
    <ClCompile Include="George.cpp" />
    <ClCompile Include="Haley.cpp" />
    <ClCompile Include="Harvey.cpp" />
    <ClCompile Include="HaYoonTestScene.cpp" />
    <ClCompile Include="Inventory.cpp" />
    <ClCompile Include="Jas.cpp" />
    <ClCompile Include="Jodi.cpp" />
    <ClCompile Include="Kent.cpp" />
    <ClCompile Include="KeyMgr.cpp" />
    <ClCompile Include="Leah.cpp" />
    <ClCompile Include="Lewis.cpp" />
    <ClCompile Include="Linus.cpp" />
    <ClCompile Include="Logo.cpp" />
    <ClCompile Include="MainApp.cpp" />
    <ClCompile Include="Marcello.cpp" />
    <ClCompile Include="Marlon.cpp" />
    <ClCompile Include="Marnie.cpp" />
    <ClCompile Include="Maru.cpp" />
    <ClCompile Include="Monster.cpp" />
    <ClCompile Include="MonsterMgr.cpp" />
    <ClCompile Include="Morris.cpp" />
    <ClCompile Include="MultiTexture.cpp" />
    <ClCompile Include="MyMap.cpp" />
    <ClCompile Include="NameTag.cpp" />
    <ClCompile Include="NPC.cpp" />
    <ClCompile Include="PathMgr.cpp" />
    <ClCompile Include="Penny.cpp" />
    <ClCompile Include="Pierre.cpp" />
    <ClCompile Include="Player.cpp" />
    <ClCompile Include="ReactionTerrain.cpp" />
    <ClCompile Include="RenderMgr.cpp" />
    <ClCompile Include="Robin.cpp" />
    <ClCompile Include="Sam.cpp" />
    <ClCompile Include="Sandy.cpp" />
    <ClCompile Include="Scene.cpp" />
    <ClCompile Include="Obj.cpp" />
    <ClCompile Include="ObjectMgr.cpp" />
    <ClCompile Include="SceneMgr.cpp" />
    <ClCompile Include="ScrollMgr.cpp" />
    <ClCompile Include="Sebastian.cpp" />
    <ClCompile Include="SingleTexture.cpp" />
    <ClCompile Include="Stage.cpp" />
    <ClCompile Include="Device.cpp" />
    <ClCompile Include="FrameMgr.cpp" />
    <ClCompile Include="stdafx.cpp" />
    <ClCompile Include="Terrain.cpp" />
    <ClCompile Include="TextBox.cpp" />
    <ClCompile Include="Texture.cpp" />
    <ClCompile Include="TextureMgr.cpp" />
    <ClCompile Include="TimerMgr.cpp" />
    <ClCompile Include="UI.cpp" />
    <ClCompile Include="Vincent.cpp" />
  </ItemGroup>
  <ItemGroup>
    <ClInclude Include="Abigail.h" />
    <ClInclude Include="Abstract_Factory.h" />
    <ClInclude Include="Alex.h" />
    <ClInclude Include="BackTerrain.h" />
    <ClInclude Include="Camera.h" />
    <ClInclude Include="Caroline.h" />
    <ClInclude Include="Client.h" />
    <ClInclude Include="CollisionMgr.h" />
    <ClInclude Include="Demetrius.h" />
    <ClInclude Include="Device.h" />
    <ClInclude Include="DongKuTestScene.h" />
    <ClInclude Include="Elliott.h" />
    <ClInclude Include="Emily.h" />
    <ClInclude Include="Equipment.h" />
    <ClInclude Include="Evelyn.h" />
    <ClInclude Include="FontMgr.h" />
    <ClInclude Include="FrameMgr.h" />
    <ClInclude Include="George.h" />
    <ClInclude Include="Haley.h" />
    <ClInclude Include="Harvey.h" />
    <ClInclude Include="HaYoonTestScene.h" />
    <ClInclude Include="Inventory.h" />
    <ClInclude Include="Jas.h" />
    <ClInclude Include="Jodi.h" />
    <ClInclude Include="Kent.h" />
    <ClInclude Include="KeyMgr.h" />
    <ClInclude Include="Leah.h" />
    <ClInclude Include="Lewis.h" />
    <ClInclude Include="Linus.h" />
    <ClInclude Include="Logo.h" />
    <ClInclude Include="MainApp.h" />
    <ClInclude Include="Marcello.h" />
    <ClInclude Include="Marlon.h" />
    <ClInclude Include="Marnie.h" />
    <ClInclude Include="Maru.h" />
    <ClInclude Include="Monster.h" />
    <ClInclude Include="MonsterMgr.h" />
    <ClInclude Include="Morris.h" />
    <ClInclude Include="MultiTexture.h" />
    <ClInclude Include="MyMap.h" />
    <ClInclude Include="NameTag.h" />
    <ClInclude Include="NPC.h" />
    <ClInclude Include="Obj.h" />
    <ClInclude Include="ObjectMgr.h" />
    <ClInclude Include="PathMgr.h" />
    <ClInclude Include="Penny.h" />
    <ClInclude Include="Pierre.h" />
    <ClInclude Include="Player.h" />
    <ClInclude Include="ReactionTerrain.h" />
    <ClInclude Include="RenderMgr.h" />
    <ClInclude Include="Resource.h" />
    <ClInclude Include="Robin.h" />
    <ClInclude Include="Sam.h" />
    <ClInclude Include="Sandy.h" />
    <ClInclude Include="Scene.h" />
    <ClInclude Include="SceneMgr.h" />
    <ClInclude Include="ScrollMgr.h" />
    <ClInclude Include="Sebastian.h" />
    <ClInclude Include="SingleTexture.h" />
    <ClInclude Include="Stage.h" />
    <ClInclude Include="stdafx.h" />
    <ClInclude Include="targetver.h" />
    <ClInclude Include="Terrain.h" />
    <ClInclude Include="TextBox.h" />
    <ClInclude Include="Texture.h" />
    <ClInclude Include="TextureMgr.h" />
    <ClInclude Include="TimerMgr.h" />
    <ClInclude Include="UI.h" />
    <ClInclude Include="Vincent.h" />
  </ItemGroup>
  <ItemGroup>
    <ResourceCompile Include="Client.rc" />
  </ItemGroup>
  <ItemGroup>
    <Image Include="Client.ico" />
    <Image Include="small.ico" />
  </ItemGroup>
  <ItemGroup>
    <Filter Include="00. Main">
      <UniqueIdentifier>{e5f53c4e-35e3-4e51-b095-f7c0b0c23241}</UniqueIdentifier>
    </Filter>
    <Filter Include="99. Default">
      <UniqueIdentifier>{facbcce5-e0a7-4897-b183-4aceb9efb3a2}</UniqueIdentifier>
    </Filter>
    <Filter Include="01. Object">
      <UniqueIdentifier>{b07b1a0c-7634-492c-8c40-1c99b90e8b38}</UniqueIdentifier>
    </Filter>
  </ItemGroup>
</Project>